{
  "name": "fabric",
  "version": "1.0.0",
  "lockfileVersion": 2,
  "requires": true,
  "packages": {
    "": {
      "version": "1.0.0",
      "license": "Hookah-Ware",
      "dependencies": {
        "@novnc/novnc": "^1.2.0"
      },
      "devDependencies": {
        "@types/websocket": "^1.0.2",
        "typescript": "^4.3.5"
      }
    },
    "node_modules/@novnc/novnc": {
      "version": "1.2.0",
      "resolved": "https://registry.npmjs.org/@novnc/novnc/-/novnc-1.2.0.tgz",
      "integrity": "sha512-FaUckOedGhSbwQBXk/KGyxKt9ngskg4wPw6ghbHWXOUEmQscAZr3467lTU5DSfppwHJt5k+lQiHoeYUuY90l2Q=="
    },
    "node_modules/@types/node": {
      "version": "15.12.5",
      "resolved": "https://registry.npmjs.org/@types/node/-/node-15.12.5.tgz",
      "integrity": "sha512-se3yX7UHv5Bscf8f1ERKvQOD6sTyycH3hdaoozvaLxgUiY5lIGEeH37AD0G0Qi9kPqihPn0HOfd2yaIEN9VwEg==",
      "dev": true
    },
    "node_modules/@types/websocket": {
      "version": "1.0.2",
      "resolved": "https://registry.npmjs.org/@types/websocket/-/websocket-1.0.2.tgz",
      "integrity": "sha512-B5m9aq7cbbD/5/jThEr33nUY8WEfVi6A2YKCTOvw5Ldy7mtsOkqRvGjnzy6g7iMMDsgu7xREuCzqATLDLQVKcQ==",
      "dev": true,
      "dependencies": {
        "@types/node": "*"
      }
    },
    "node_modules/typescript": {
      "version": "4.3.5",
      "resolved": "https://registry.npmjs.org/typescript/-/typescript-4.3.5.tgz",
      "integrity": "sha512-DqQgihaQ9cUrskJo9kIyW/+g0Vxsk8cDtZ52a3NGh0YNTfpUSArXSohyUGnvbPazEPLu398C0UxmKSOrPumUzA==",
      "dev": true,
      "bin": {
        "tsc": "bin/tsc",
        "tsserver": "bin/tsserver"
      },
      "engines": {
        "node": ">=4.2.0"
      }
    }
  },
  "dependencies": {
    "@novnc/novnc": {
      "version": "1.2.0",
      "resolved": "https://registry.npmjs.org/@novnc/novnc/-/novnc-1.2.0.tgz",
      "integrity": "sha512-FaUckOedGhSbwQBXk/KGyxKt9ngskg4wPw6ghbHWXOUEmQscAZr3467lTU5DSfppwHJt5k+lQiHoeYUuY90l2Q=="
    },
    "@types/node": {
      "version": "15.12.5",
      "resolved": "https://registry.npmjs.org/@types/node/-/node-15.12.5.tgz",
      "integrity": "sha512-se3yX7UHv5Bscf8f1ERKvQOD6sTyycH3hdaoozvaLxgUiY5lIGEeH37AD0G0Qi9kPqihPn0HOfd2yaIEN9VwEg==",
      "dev": true
    },
    "@types/websocket": {
      "version": "1.0.2",
      "resolved": "https://registry.npmjs.org/@types/websocket/-/websocket-1.0.2.tgz",
      "integrity": "sha512-B5m9aq7cbbD/5/jThEr33nUY8WEfVi6A2YKCTOvw5Ldy7mtsOkqRvGjnzy6g7iMMDsgu7xREuCzqATLDLQVKcQ==",
      "dev": true,
      "requires": {
        "@types/node": "*"
      }
    },
    "typescript": {
      "version": "4.3.5",
      "resolved": "https://registry.npmjs.org/typescript/-/typescript-4.3.5.tgz",
      "integrity": "sha512-DqQgihaQ9cUrskJo9kIyW/+g0Vxsk8cDtZ52a3NGh0YNTfpUSArXSohyUGnvbPazEPLu398C0UxmKSOrPumUzA==",
      "dev": true
    }
  }
}
